// !$*UTF8*$!
{
	archiveVersion = 1;
	classes = {
	};
	objectVersion = 50;
	objects = {

/* Begin PBXBuildFile section */
		5FBB328CE24DD2E64A6539B2 /* Pods_vkontakte_client.framework in Frameworks */ = {isa = PBXBuildFile; fileRef = E7A788C266134932A4E0F4F0 /* Pods_vkontakte_client.framework */; };
		6D42171579FCC2ED1DD1981D /* Pods_igor_chernyshov.framework in Frameworks */ = {isa = PBXBuildFile; fileRef = 250AC81EFC8DEC758C22BD57 /* Pods_igor_chernyshov.framework */; };
		9C0E760520D8C4F800BC50EE /* TabBarStoryboard.storyboard in Resources */ = {isa = PBXBuildFile; fileRef = 9C0E760420D8C4F800BC50EE /* TabBarStoryboard.storyboard */; };
		9C0E760720D8C58600BC50EE /* GroupsStoryboard.storyboard in Resources */ = {isa = PBXBuildFile; fileRef = 9C0E760620D8C58600BC50EE /* GroupsStoryboard.storyboard */; };
		9C0E760920D8C5B600BC50EE /* FriendsStoryboard.storyboard in Resources */ = {isa = PBXBuildFile; fileRef = 9C0E760820D8C5B600BC50EE /* FriendsStoryboard.storyboard */; };
		9C1A4B9F2128B4780086470D /* MessageLabel.swift in Sources */ = {isa = PBXBuildFile; fileRef = 9C1A4B9E2128B4780086470D /* MessageLabel.swift */; };
		9C1A4BA321294BEE0086470D /* MessagesViewController.swift in Sources */ = {isa = PBXBuildFile; fileRef = 9C1A4BA221294BEE0086470D /* MessagesViewController.swift */; };
		9C1A4BA521294C440086470D /* Message.swift in Sources */ = {isa = PBXBuildFile; fileRef = 9C1A4BA421294C440086470D /* Message.swift */; };
		9C1A4BA7212958D60086470D /* MessagesService.swift in Sources */ = {isa = PBXBuildFile; fileRef = 9C1A4BA6212958D60086470D /* MessagesService.swift */; };
		9C1A4BA921295BA70086470D /* IncomingMessageCell.swift in Sources */ = {isa = PBXBuildFile; fileRef = 9C1A4BA821295BA70086470D /* IncomingMessageCell.swift */; };
		9C1A4BAB21295BB70086470D /* OutgoingMessageCell.swift in Sources */ = {isa = PBXBuildFile; fileRef = 9C1A4BAA21295BB70086470D /* OutgoingMessageCell.swift */; };
		9C38CF7F21139E9400969F5D /* MessagesStoryBoard.storyboard in Resources */ = {isa = PBXBuildFile; fileRef = 9C38CF7E21139E9400969F5D /* MessagesStoryBoard.storyboard */; };
		9C5BDBFA20F7ACD300BCA3C5 /* NewsFeedStoryboard.storyboard in Resources */ = {isa = PBXBuildFile; fileRef = 9C5BDBF920F7ACD300BCA3C5 /* NewsFeedStoryboard.storyboard */; };
		9C5BDBFC20F7AD1D00BCA3C5 /* NewsFeedViewController.swift in Sources */ = {isa = PBXBuildFile; fileRef = 9C5BDBFB20F7AD1D00BCA3C5 /* NewsFeedViewController.swift */; };
		9C5BDBFE20F8BB2400BCA3C5 /* NewsFeedTextCell.swift in Sources */ = {isa = PBXBuildFile; fileRef = 9C5BDBFD20F8BB2400BCA3C5 /* NewsFeedTextCell.swift */; };
		9C67A92F20E2425A001F705C /* User.swift in Sources */ = {isa = PBXBuildFile; fileRef = 9C67A92E20E2425A001F705C /* User.swift */; };
		9C67A93120E24D4A001F705C /* RoundedImage.swift in Sources */ = {isa = PBXBuildFile; fileRef = 9C67A93020E24D4A001F705C /* RoundedImage.swift */; };
		9C67A93320E25187001F705C /* Photo.swift in Sources */ = {isa = PBXBuildFile; fileRef = 9C67A93220E25187001F705C /* Photo.swift */; };
		9C7FE87A20CF8CDD00E81DC8 /* AppDelegate.swift in Sources */ = {isa = PBXBuildFile; fileRef = 9C7FE87920CF8CDD00E81DC8 /* AppDelegate.swift */; };
		9C7FE87C20CF8CDD00E81DC8 /* LoginFormViewController.swift in Sources */ = {isa = PBXBuildFile; fileRef = 9C7FE87B20CF8CDD00E81DC8 /* LoginFormViewController.swift */; };
		9C7FE88120CF8CE000E81DC8 /* Assets.xcassets in Resources */ = {isa = PBXBuildFile; fileRef = 9C7FE88020CF8CE000E81DC8 /* Assets.xcassets */; };
		9C7FE88420CF8CE000E81DC8 /* LaunchScreen.storyboard in Resources */ = {isa = PBXBuildFile; fileRef = 9C7FE88220CF8CE000E81DC8 /* LaunchScreen.storyboard */; };
		9C86E56A20D930CE000840A9 /* MyFriendsController.swift in Sources */ = {isa = PBXBuildFile; fileRef = 9C86E56920D930CE000840A9 /* MyFriendsController.swift */; };
		9C86E56C20D9311A000840A9 /* MyGroupsController.swift in Sources */ = {isa = PBXBuildFile; fileRef = 9C86E56B20D9311A000840A9 /* MyGroupsController.swift */; };
		9C86E56E20D9335F000840A9 /* AddGroupController.swift in Sources */ = {isa = PBXBuildFile; fileRef = 9C86E56D20D9335F000840A9 /* AddGroupController.swift */; };
		9C86E57220D933BD000840A9 /* MyFriendsCell.swift in Sources */ = {isa = PBXBuildFile; fileRef = 9C86E57120D933BD000840A9 /* MyFriendsCell.swift */; };
		9C86E57420D933CC000840A9 /* MyGroupsCell.swift in Sources */ = {isa = PBXBuildFile; fileRef = 9C86E57320D933CC000840A9 /* MyGroupsCell.swift */; };
		9C86E57620D933D6000840A9 /* AddGroupCell.swift in Sources */ = {isa = PBXBuildFile; fileRef = 9C86E57520D933D6000840A9 /* AddGroupCell.swift */; };
		9C86E57820D933EB000840A9 /* MyFriendsPhotosCell.swift in Sources */ = {isa = PBXBuildFile; fileRef = 9C86E57720D933EB000840A9 /* MyFriendsPhotosCell.swift */; };
		9C86E57A20D9347F000840A9 /* MyFriendsPhotosController.swift in Sources */ = {isa = PBXBuildFile; fileRef = 9C86E57920D9347F000840A9 /* MyFriendsPhotosController.swift */; };
		9C86E58320DE26D2000840A9 /* APIService.swift in Sources */ = {isa = PBXBuildFile; fileRef = 9C86E58220DE26D2000840A9 /* APIService.swift */; };
		9C9786B920FCE077003B5083 /* NewsFeedService.swift in Sources */ = {isa = PBXBuildFile; fileRef = 9C9786B820FCE077003B5083 /* NewsFeedService.swift */; };
		9C9786BB20FCE3D4003B5083 /* News.swift in Sources */ = {isa = PBXBuildFile; fileRef = 9C9786BA20FCE3D4003B5083 /* News.swift */; };
		9C9786BD20FEC1DD003B5083 /* NewsFeedTextAndPhotoCell.swift in Sources */ = {isa = PBXBuildFile; fileRef = 9C9786BC20FEC1DD003B5083 /* NewsFeedTextAndPhotoCell.swift */; };
		9CA2505C21086A450014CA6C /* SetImageToRow.swift in Sources */ = {isa = PBXBuildFile; fileRef = 9CA2505B21086A450014CA6C /* SetImageToRow.swift */; };
		9CA2505E21086A750014CA6C /* GetCachedImage.swift in Sources */ = {isa = PBXBuildFile; fileRef = 9CA2505D21086A750014CA6C /* GetCachedImage.swift */; };
		9CC252D620DFD70A00304DD8 /* Group.swift in Sources */ = {isa = PBXBuildFile; fileRef = 9CC252D520DFD70A00304DD8 /* Group.swift */; };
		9CCB1F562115662A00A98533 /* ConversationsViewController.swift in Sources */ = {isa = PBXBuildFile; fileRef = 9CCB1F552115662A00A98533 /* ConversationsViewController.swift */; };
		9CCB1F582115669300A98533 /* ConversationCell.swift in Sources */ = {isa = PBXBuildFile; fileRef = 9CCB1F572115669300A98533 /* ConversationCell.swift */; };
		9CCB1F5A21156AE100A98533 /* Conversation.swift in Sources */ = {isa = PBXBuildFile; fileRef = 9CCB1F5921156AE100A98533 /* Conversation.swift */; };
		9CCB1F5C21157F1C00A98533 /* ConversationsService.swift in Sources */ = {isa = PBXBuildFile; fileRef = 9CCB1F5B21157F1C00A98533 /* ConversationsService.swift */; };
		9CDBB58E20EEA2A400F02109 /* DataService.swift in Sources */ = {isa = PBXBuildFile; fileRef = 9CDBB58D20EEA2A400F02109 /* DataService.swift */; };
		9CFA503721109B1A0080C9E0 /* SetFriendsPhotoToCollectionViewCell.swift in Sources */ = {isa = PBXBuildFile; fileRef = 9CFA503621109B1A0080C9E0 /* SetFriendsPhotoToCollectionViewCell.swift */; };
		9CFA503F2110B0110080C9E0 /* SetNewsFeedTextAndPhotoCellOwnerProfileImageToRow.swift in Sources */ = {isa = PBXBuildFile; fileRef = 9CFA503E2110B0110080C9E0 /* SetNewsFeedTextAndPhotoCellOwnerProfileImageToRow.swift */; };
/* End PBXBuildFile section */

/* Begin PBXFileReference section */
		033FDC8B58CB90A92851A53A /* Pods-igor-chernyshov.debug.xcconfig */ = {isa = PBXFileReference; includeInIndex = 1; lastKnownFileType = text.xcconfig; name = "Pods-igor-chernyshov.debug.xcconfig"; path = "Pods/Target Support Files/Pods-igor-chernyshov/Pods-igor-chernyshov.debug.xcconfig"; sourceTree = "<group>"; };
		250AC81EFC8DEC758C22BD57 /* Pods_igor_chernyshov.framework */ = {isa = PBXFileReference; explicitFileType = wrapper.framework; includeInIndex = 0; path = Pods_igor_chernyshov.framework; sourceTree = BUILT_PRODUCTS_DIR; };
		2C95BBA7B5382981CACB35C4 /* Pods-igor-chernyshov.release.xcconfig */ = {isa = PBXFileReference; includeInIndex = 1; lastKnownFileType = text.xcconfig; name = "Pods-igor-chernyshov.release.xcconfig"; path = "Pods/Target Support Files/Pods-igor-chernyshov/Pods-igor-chernyshov.release.xcconfig"; sourceTree = "<group>"; };
		4B06364CBA7E6B7E8AEA8C79 /* Pods-vkontakte-client.debug.xcconfig */ = {isa = PBXFileReference; includeInIndex = 1; lastKnownFileType = text.xcconfig; name = "Pods-vkontakte-client.debug.xcconfig"; path = "Pods/Target Support Files/Pods-vkontakte-client/Pods-vkontakte-client.debug.xcconfig"; sourceTree = "<group>"; };
		95C0635858363565F6DBA25E /* Pods-vkontakte-client.release.xcconfig */ = {isa = PBXFileReference; includeInIndex = 1; lastKnownFileType = text.xcconfig; name = "Pods-vkontakte-client.release.xcconfig"; path = "Pods/Target Support Files/Pods-vkontakte-client/Pods-vkontakte-client.release.xcconfig"; sourceTree = "<group>"; };
		9C0E760420D8C4F800BC50EE /* TabBarStoryboard.storyboard */ = {isa = PBXFileReference; lastKnownFileType = file.storyboard; path = TabBarStoryboard.storyboard; sourceTree = "<group>"; };
		9C0E760620D8C58600BC50EE /* GroupsStoryboard.storyboard */ = {isa = PBXFileReference; lastKnownFileType = file.storyboard; path = GroupsStoryboard.storyboard; sourceTree = "<group>"; };
		9C0E760820D8C5B600BC50EE /* FriendsStoryboard.storyboard */ = {isa = PBXFileReference; lastKnownFileType = file.storyboard; path = FriendsStoryboard.storyboard; sourceTree = "<group>"; };
		9C1A4B9E2128B4780086470D /* MessageLabel.swift */ = {isa = PBXFileReference; lastKnownFileType = sourcecode.swift; path = MessageLabel.swift; sourceTree = "<group>"; };
		9C1A4BA221294BEE0086470D /* MessagesViewController.swift */ = {isa = PBXFileReference; lastKnownFileType = sourcecode.swift; path = MessagesViewController.swift; sourceTree = "<group>"; };
		9C1A4BA421294C440086470D /* Message.swift */ = {isa = PBXFileReference; lastKnownFileType = sourcecode.swift; path = Message.swift; sourceTree = "<group>"; };
		9C1A4BA6212958D60086470D /* MessagesService.swift */ = {isa = PBXFileReference; lastKnownFileType = sourcecode.swift; path = MessagesService.swift; sourceTree = "<group>"; };
		9C1A4BA821295BA70086470D /* IncomingMessageCell.swift */ = {isa = PBXFileReference; lastKnownFileType = sourcecode.swift; path = IncomingMessageCell.swift; sourceTree = "<group>"; };
		9C1A4BAA21295BB70086470D /* OutgoingMessageCell.swift */ = {isa = PBXFileReference; lastKnownFileType = sourcecode.swift; path = OutgoingMessageCell.swift; sourceTree = "<group>"; };
		9C38CF7E21139E9400969F5D /* MessagesStoryBoard.storyboard */ = {isa = PBXFileReference; lastKnownFileType = file.storyboard; path = MessagesStoryBoard.storyboard; sourceTree = "<group>"; };
		9C5BDBF920F7ACD300BCA3C5 /* NewsFeedStoryboard.storyboard */ = {isa = PBXFileReference; lastKnownFileType = file.storyboard; path = NewsFeedStoryboard.storyboard; sourceTree = "<group>"; };
		9C5BDBFB20F7AD1D00BCA3C5 /* NewsFeedViewController.swift */ = {isa = PBXFileReference; lastKnownFileType = sourcecode.swift; path = NewsFeedViewController.swift; sourceTree = "<group>"; };
		9C5BDBFD20F8BB2400BCA3C5 /* NewsFeedTextCell.swift */ = {isa = PBXFileReference; lastKnownFileType = sourcecode.swift; path = NewsFeedTextCell.swift; sourceTree = "<group>"; };
		9C67A92E20E2425A001F705C /* User.swift */ = {isa = PBXFileReference; lastKnownFileType = sourcecode.swift; path = User.swift; sourceTree = "<group>"; };
		9C67A93020E24D4A001F705C /* RoundedImage.swift */ = {isa = PBXFileReference; lastKnownFileType = sourcecode.swift; path = RoundedImage.swift; sourceTree = "<group>"; };
		9C67A93220E25187001F705C /* Photo.swift */ = {isa = PBXFileReference; lastKnownFileType = sourcecode.swift; path = Photo.swift; sourceTree = "<group>"; };
		9C7FE87620CF8CDD00E81DC8 /* vkontakte-client.app */ = {isa = PBXFileReference; explicitFileType = wrapper.application; includeInIndex = 0; path = "vkontakte-client.app"; sourceTree = BUILT_PRODUCTS_DIR; };
		9C7FE87920CF8CDD00E81DC8 /* AppDelegate.swift */ = {isa = PBXFileReference; lastKnownFileType = sourcecode.swift; path = AppDelegate.swift; sourceTree = "<group>"; };
		9C7FE87B20CF8CDD00E81DC8 /* LoginFormViewController.swift */ = {isa = PBXFileReference; lastKnownFileType = sourcecode.swift; path = LoginFormViewController.swift; sourceTree = "<group>"; };
		9C7FE88020CF8CE000E81DC8 /* Assets.xcassets */ = {isa = PBXFileReference; lastKnownFileType = folder.assetcatalog; path = Assets.xcassets; sourceTree = "<group>"; };
		9C7FE88320CF8CE000E81DC8 /* Base */ = {isa = PBXFileReference; lastKnownFileType = file.storyboard; name = Base; path = Base.lproj/LaunchScreen.storyboard; sourceTree = "<group>"; };
		9C7FE88520CF8CE000E81DC8 /* Info.plist */ = {isa = PBXFileReference; lastKnownFileType = text.plist.xml; path = Info.plist; sourceTree = "<group>"; };
		9C86E56920D930CE000840A9 /* MyFriendsController.swift */ = {isa = PBXFileReference; lastKnownFileType = sourcecode.swift; path = MyFriendsController.swift; sourceTree = "<group>"; };
		9C86E56B20D9311A000840A9 /* MyGroupsController.swift */ = {isa = PBXFileReference; lastKnownFileType = sourcecode.swift; path = MyGroupsController.swift; sourceTree = "<group>"; };
		9C86E56D20D9335F000840A9 /* AddGroupController.swift */ = {isa = PBXFileReference; lastKnownFileType = sourcecode.swift; path = AddGroupController.swift; sourceTree = "<group>"; };
		9C86E57120D933BD000840A9 /* MyFriendsCell.swift */ = {isa = PBXFileReference; lastKnownFileType = sourcecode.swift; path = MyFriendsCell.swift; sourceTree = "<group>"; };
		9C86E57320D933CC000840A9 /* MyGroupsCell.swift */ = {isa = PBXFileReference; lastKnownFileType = sourcecode.swift; path = MyGroupsCell.swift; sourceTree = "<group>"; };
		9C86E57520D933D6000840A9 /* AddGroupCell.swift */ = {isa = PBXFileReference; lastKnownFileType = sourcecode.swift; path = AddGroupCell.swift; sourceTree = "<group>"; };
		9C86E57720D933EB000840A9 /* MyFriendsPhotosCell.swift */ = {isa = PBXFileReference; lastKnownFileType = sourcecode.swift; path = MyFriendsPhotosCell.swift; sourceTree = "<group>"; };
		9C86E57920D9347F000840A9 /* MyFriendsPhotosController.swift */ = {isa = PBXFileReference; lastKnownFileType = sourcecode.swift; path = MyFriendsPhotosController.swift; sourceTree = "<group>"; };
		9C86E58220DE26D2000840A9 /* APIService.swift */ = {isa = PBXFileReference; lastKnownFileType = sourcecode.swift; path = APIService.swift; sourceTree = "<group>"; };
		9C9786B820FCE077003B5083 /* NewsFeedService.swift */ = {isa = PBXFileReference; lastKnownFileType = sourcecode.swift; path = NewsFeedService.swift; sourceTree = "<group>"; };
		9C9786BA20FCE3D4003B5083 /* News.swift */ = {isa = PBXFileReference; lastKnownFileType = sourcecode.swift; path = News.swift; sourceTree = "<group>"; };
		9C9786BC20FEC1DD003B5083 /* NewsFeedTextAndPhotoCell.swift */ = {isa = PBXFileReference; lastKnownFileType = sourcecode.swift; path = NewsFeedTextAndPhotoCell.swift; sourceTree = "<group>"; };
		9CA2505B21086A450014CA6C /* SetImageToRow.swift */ = {isa = PBXFileReference; lastKnownFileType = sourcecode.swift; path = SetImageToRow.swift; sourceTree = "<group>"; };
		9CA2505D21086A750014CA6C /* GetCachedImage.swift */ = {isa = PBXFileReference; lastKnownFileType = sourcecode.swift; path = GetCachedImage.swift; sourceTree = "<group>"; };
		9CC252D520DFD70A00304DD8 /* Group.swift */ = {isa = PBXFileReference; lastKnownFileType = sourcecode.swift; path = Group.swift; sourceTree = "<group>"; };
		9CCB1F552115662A00A98533 /* ConversationsViewController.swift */ = {isa = PBXFileReference; lastKnownFileType = sourcecode.swift; path = ConversationsViewController.swift; sourceTree = "<group>"; };
		9CCB1F572115669300A98533 /* ConversationCell.swift */ = {isa = PBXFileReference; lastKnownFileType = sourcecode.swift; path = ConversationCell.swift; sourceTree = "<group>"; };
		9CCB1F5921156AE100A98533 /* Conversation.swift */ = {isa = PBXFileReference; lastKnownFileType = sourcecode.swift; path = Conversation.swift; sourceTree = "<group>"; };
		9CCB1F5B21157F1C00A98533 /* ConversationsService.swift */ = {isa = PBXFileReference; lastKnownFileType = sourcecode.swift; path = ConversationsService.swift; sourceTree = "<group>"; };
		9CDBB58D20EEA2A400F02109 /* DataService.swift */ = {isa = PBXFileReference; lastKnownFileType = sourcecode.swift; path = DataService.swift; sourceTree = "<group>"; };
		9CFA503621109B1A0080C9E0 /* SetFriendsPhotoToCollectionViewCell.swift */ = {isa = PBXFileReference; lastKnownFileType = sourcecode.swift; path = SetFriendsPhotoToCollectionViewCell.swift; sourceTree = "<group>"; };
		9CFA503E2110B0110080C9E0 /* SetNewsFeedTextAndPhotoCellOwnerProfileImageToRow.swift */ = {isa = PBXFileReference; lastKnownFileType = sourcecode.swift; path = SetNewsFeedTextAndPhotoCellOwnerProfileImageToRow.swift; sourceTree = "<group>"; };
		E7A788C266134932A4E0F4F0 /* Pods_vkontakte_client.framework */ = {isa = PBXFileReference; explicitFileType = wrapper.framework; includeInIndex = 0; path = Pods_vkontakte_client.framework; sourceTree = BUILT_PRODUCTS_DIR; };
/* End PBXFileReference section */

/* Begin PBXFrameworksBuildPhase section */
		9C7FE87320CF8CDD00E81DC8 /* Frameworks */ = {
			isa = PBXFrameworksBuildPhase;
			buildActionMask = 2147483647;
			files = (
				6D42171579FCC2ED1DD1981D /* Pods_igor_chernyshov.framework in Frameworks */,
				5FBB328CE24DD2E64A6539B2 /* Pods_vkontakte_client.framework in Frameworks */,
			);
			runOnlyForDeploymentPostprocessing = 0;
		};
/* End PBXFrameworksBuildPhase section */

/* Begin PBXGroup section */
		2EFC232C33670689A17FCC7C /* Pods */ = {
			isa = PBXGroup;
			children = (
				033FDC8B58CB90A92851A53A /* Pods-igor-chernyshov.debug.xcconfig */,
				2C95BBA7B5382981CACB35C4 /* Pods-igor-chernyshov.release.xcconfig */,
				4B06364CBA7E6B7E8AEA8C79 /* Pods-vkontakte-client.debug.xcconfig */,
				95C0635858363565F6DBA25E /* Pods-vkontakte-client.release.xcconfig */,
			);
			name = Pods;
			sourceTree = "<group>";
		};
		9C7FE86D20CF8CDD00E81DC8 = {
			isa = PBXGroup;
			children = (
				9C7FE87820CF8CDD00E81DC8 /* vkontakte-client */,
				9C7FE87720CF8CDD00E81DC8 /* Products */,
				2EFC232C33670689A17FCC7C /* Pods */,
				A74E85E0EDA44CABC0BF5D53 /* Frameworks */,
			);
			sourceTree = "<group>";
		};
		9C7FE87720CF8CDD00E81DC8 /* Products */ = {
			isa = PBXGroup;
			children = (
				9C7FE87620CF8CDD00E81DC8 /* vkontakte-client.app */,
			);
			name = Products;
			sourceTree = "<group>";
		};
		9C7FE87820CF8CDD00E81DC8 /* vkontakte-client */ = {
			isa = PBXGroup;
			children = (
				9C86E58120DE26B8000840A9 /* Services */,
				9CC252D420DFD6E800304DD8 /* Model */,
				9C86E56820D93095000840A9 /* View */,
				9C7FE88B20CF8FD100E81DC8 /* Controller */,
				9CB4929320EE10700018EBE9 /* Storyboards */,
				9C7FE87920CF8CDD00E81DC8 /* AppDelegate.swift */,
				9C7FE88020CF8CE000E81DC8 /* Assets.xcassets */,
				9C7FE88220CF8CE000E81DC8 /* LaunchScreen.storyboard */,
				9C7FE88520CF8CE000E81DC8 /* Info.plist */,
			);
			path = "vkontakte-client";
			sourceTree = "<group>";
		};
		9C7FE88B20CF8FD100E81DC8 /* Controller */ = {
			isa = PBXGroup;
			children = (
				9C7FE87B20CF8CDD00E81DC8 /* LoginFormViewController.swift */,
				9C86E56920D930CE000840A9 /* MyFriendsController.swift */,
				9C86E57920D9347F000840A9 /* MyFriendsPhotosController.swift */,
				9C86E56B20D9311A000840A9 /* MyGroupsController.swift */,
				9C86E56D20D9335F000840A9 /* AddGroupController.swift */,
				9C5BDBFB20F7AD1D00BCA3C5 /* NewsFeedViewController.swift */,
				9CCB1F552115662A00A98533 /* ConversationsViewController.swift */,
				9C1A4BA221294BEE0086470D /* MessagesViewController.swift */,
			);
			path = Controller;
			sourceTree = "<group>";
		};
		9C86E56820D93095000840A9 /* View */ = {
			isa = PBXGroup;
			children = (
				9C86E57120D933BD000840A9 /* MyFriendsCell.swift */,
				9C86E57320D933CC000840A9 /* MyGroupsCell.swift */,
				9C86E57520D933D6000840A9 /* AddGroupCell.swift */,
				9C86E57720D933EB000840A9 /* MyFriendsPhotosCell.swift */,
				9C5BDBFD20F8BB2400BCA3C5 /* NewsFeedTextCell.swift */,
				9C9786BC20FEC1DD003B5083 /* NewsFeedTextAndPhotoCell.swift */,
				9CCB1F572115669300A98533 /* ConversationCell.swift */,
				9C67A93020E24D4A001F705C /* RoundedImage.swift */,
				9C1A4B9E2128B4780086470D /* MessageLabel.swift */,
				9C1A4BAA21295BB70086470D /* OutgoingMessageCell.swift */,
				9C1A4BA821295BA70086470D /* IncomingMessageCell.swift */,
			);
			path = View;
			sourceTree = "<group>";
		};
		9C86E58120DE26B8000840A9 /* Services */ = {
			isa = PBXGroup;
			children = (
				9C86E58220DE26D2000840A9 /* APIService.swift */,
				9CDBB58D20EEA2A400F02109 /* DataService.swift */,
				9C9786B820FCE077003B5083 /* NewsFeedService.swift */,
				9CCB1F5B21157F1C00A98533 /* ConversationsService.swift */,
				9C1A4BA6212958D60086470D /* MessagesService.swift */,
				9CA2505B21086A450014CA6C /* SetImageToRow.swift */,
				9CFA503E2110B0110080C9E0 /* SetNewsFeedTextAndPhotoCellOwnerProfileImageToRow.swift */,
				9CFA503621109B1A0080C9E0 /* SetFriendsPhotoToCollectionViewCell.swift */,
				9CA2505D21086A750014CA6C /* GetCachedImage.swift */,
			);
			path = Services;
			sourceTree = "<group>";
		};
		9CB4929320EE10700018EBE9 /* Storyboards */ = {
			isa = PBXGroup;
			children = (
				9C0E760420D8C4F800BC50EE /* TabBarStoryboard.storyboard */,
				9C0E760620D8C58600BC50EE /* GroupsStoryboard.storyboard */,
				9C0E760820D8C5B600BC50EE /* FriendsStoryboard.storyboard */,
				9C5BDBF920F7ACD300BCA3C5 /* NewsFeedStoryboard.storyboard */,
				9C38CF7E21139E9400969F5D /* MessagesStoryBoard.storyboard */,
			);
			path = Storyboards;
			sourceTree = "<group>";
		};
		9CC252D420DFD6E800304DD8 /* Model */ = {
			isa = PBXGroup;
			children = (
				9CC252D520DFD70A00304DD8 /* Group.swift */,
				9C67A92E20E2425A001F705C /* User.swift */,
				9C67A93220E25187001F705C /* Photo.swift */,
				9C9786BA20FCE3D4003B5083 /* News.swift */,
				9CCB1F5921156AE100A98533 /* Conversation.swift */,
				9C1A4BA421294C440086470D /* Message.swift */,
			);
			path = Model;
			sourceTree = "<group>";
		};
		A74E85E0EDA44CABC0BF5D53 /* Frameworks */ = {
			isa = PBXGroup;
			children = (
				250AC81EFC8DEC758C22BD57 /* Pods_igor_chernyshov.framework */,
				E7A788C266134932A4E0F4F0 /* Pods_vkontakte_client.framework */,
			);
			name = Frameworks;
			sourceTree = "<group>";
		};
/* End PBXGroup section */

/* Begin PBXNativeTarget section */
		9C7FE87520CF8CDD00E81DC8 /* vkontakte-client */ = {
			isa = PBXNativeTarget;
			buildConfigurationList = 9C7FE88820CF8CE000E81DC8 /* Build configuration list for PBXNativeTarget "vkontakte-client" */;
			buildPhases = (
				661F286A2C920CE0B27ADE15 /* [CP] Check Pods Manifest.lock */,
				9C7FE87220CF8CDD00E81DC8 /* Sources */,
				9C7FE87320CF8CDD00E81DC8 /* Frameworks */,
				9C7FE87420CF8CDD00E81DC8 /* Resources */,
				194D050CA381EE7A90BC69CE /* [CP] Embed Pods Frameworks */,
			);
			buildRules = (
			);
			dependencies = (
			);
			name = "vkontakte-client";
			productName = "igor-chernyshov";
			productReference = 9C7FE87620CF8CDD00E81DC8 /* vkontakte-client.app */;
			productType = "com.apple.product-type.application";
		};
/* End PBXNativeTarget section */

/* Begin PBXProject section */
		9C7FE86E20CF8CDD00E81DC8 /* Project object */ = {
			isa = PBXProject;
			attributes = {
				LastSwiftUpdateCheck = 0940;
				LastUpgradeCheck = 0940;
				ORGANIZATIONNAME = "Igor Chernyshov";
				TargetAttributes = {
					9C7FE87520CF8CDD00E81DC8 = {
						CreatedOnToolsVersion = 9.4;
					};
				};
			};
			buildConfigurationList = 9C7FE87120CF8CDD00E81DC8 /* Build configuration list for PBXProject "vkontakte-client" */;
			compatibilityVersion = "Xcode 9.3";
			developmentRegion = en;
			hasScannedForEncodings = 0;
			knownRegions = (
				en,
				Base,
			);
			mainGroup = 9C7FE86D20CF8CDD00E81DC8;
			productRefGroup = 9C7FE87720CF8CDD00E81DC8 /* Products */;
			projectDirPath = "";
			projectRoot = "";
			targets = (
				9C7FE87520CF8CDD00E81DC8 /* vkontakte-client */,
			);
		};
/* End PBXProject section */

/* Begin PBXResourcesBuildPhase section */
		9C7FE87420CF8CDD00E81DC8 /* Resources */ = {
			isa = PBXResourcesBuildPhase;
			buildActionMask = 2147483647;
			files = (
				9C5BDBFA20F7ACD300BCA3C5 /* NewsFeedStoryboard.storyboard in Resources */,
				9C7FE88420CF8CE000E81DC8 /* LaunchScreen.storyboard in Resources */,
				9C7FE88120CF8CE000E81DC8 /* Assets.xcassets in Resources */,
				9C0E760720D8C58600BC50EE /* GroupsStoryboard.storyboard in Resources */,
				9C38CF7F21139E9400969F5D /* MessagesStoryBoard.storyboard in Resources */,
				9C0E760520D8C4F800BC50EE /* TabBarStoryboard.storyboard in Resources */,
				9C0E760920D8C5B600BC50EE /* FriendsStoryboard.storyboard in Resources */,
			);
			runOnlyForDeploymentPostprocessing = 0;
		};
/* End PBXResourcesBuildPhase section */

/* Begin PBXShellScriptBuildPhase section */
		194D050CA381EE7A90BC69CE /* [CP] Embed Pods Frameworks */ = {
			isa = PBXShellScriptBuildPhase;
			buildActionMask = 2147483647;
			files = (
			);
			inputPaths = (
				"${SRCROOT}/Pods/Target Support Files/Pods-vkontakte-client/Pods-vkontakte-client-frameworks.sh",
				"${BUILT_PRODUCTS_DIR}/Alamofire/Alamofire.framework",
				"${BUILT_PRODUCTS_DIR}/Realm/Realm.framework",
				"${BUILT_PRODUCTS_DIR}/RealmSwift/RealmSwift.framework",
				"${BUILT_PRODUCTS_DIR}/SwiftyJSON/SwiftyJSON.framework",
			);
			name = "[CP] Embed Pods Frameworks";
			outputPaths = (
				"${TARGET_BUILD_DIR}/${FRAMEWORKS_FOLDER_PATH}/Alamofire.framework",
				"${TARGET_BUILD_DIR}/${FRAMEWORKS_FOLDER_PATH}/Realm.framework",
				"${TARGET_BUILD_DIR}/${FRAMEWORKS_FOLDER_PATH}/RealmSwift.framework",
				"${TARGET_BUILD_DIR}/${FRAMEWORKS_FOLDER_PATH}/SwiftyJSON.framework",
			);
			runOnlyForDeploymentPostprocessing = 0;
			shellPath = /bin/sh;
			shellScript = "\"${SRCROOT}/Pods/Target Support Files/Pods-vkontakte-client/Pods-vkontakte-client-frameworks.sh\"\n";
			showEnvVarsInLog = 0;
		};
		661F286A2C920CE0B27ADE15 /* [CP] Check Pods Manifest.lock */ = {
			isa = PBXShellScriptBuildPhase;
			buildActionMask = 2147483647;
			files = (
			);
			inputPaths = (
				"${PODS_PODFILE_DIR_PATH}/Podfile.lock",
				"${PODS_ROOT}/Manifest.lock",
			);
			name = "[CP] Check Pods Manifest.lock";
			outputPaths = (
				"$(DERIVED_FILE_DIR)/Pods-vkontakte-client-checkManifestLockResult.txt",
			);
			runOnlyForDeploymentPostprocessing = 0;
			shellPath = /bin/sh;
			shellScript = "diff \"${PODS_PODFILE_DIR_PATH}/Podfile.lock\" \"${PODS_ROOT}/Manifest.lock\" > /dev/null\nif [ $? != 0 ] ; then\n    # print error to STDERR\n    echo \"error: The sandbox is not in sync with the Podfile.lock. Run 'pod install' or update your CocoaPods installation.\" >&2\n    exit 1\nfi\n# This output is used by Xcode 'outputs' to avoid re-running this script phase.\necho \"SUCCESS\" > \"${SCRIPT_OUTPUT_FILE_0}\"\n";
			showEnvVarsInLog = 0;
		};
/* End PBXShellScriptBuildPhase section */

/* Begin PBXSourcesBuildPhase section */
		9C7FE87220CF8CDD00E81DC8 /* Sources */ = {
			isa = PBXSourcesBuildPhase;
			buildActionMask = 2147483647;
			files = (
				9C67A92F20E2425A001F705C /* User.swift in Sources */,
				9C86E57220D933BD000840A9 /* MyFriendsCell.swift in Sources */,
				9CA2505C21086A450014CA6C /* SetImageToRow.swift in Sources */,
				9C1A4BAB21295BB70086470D /* OutgoingMessageCell.swift in Sources */,
				9CA2505E21086A750014CA6C /* GetCachedImage.swift in Sources */,
				9CC252D620DFD70A00304DD8 /* Group.swift in Sources */,
				9C9786BD20FEC1DD003B5083 /* NewsFeedTextAndPhotoCell.swift in Sources */,
				9C1A4BA921295BA70086470D /* IncomingMessageCell.swift in Sources */,
				9C7FE87C20CF8CDD00E81DC8 /* LoginFormViewController.swift in Sources */,
				9C86E57420D933CC000840A9 /* MyGroupsCell.swift in Sources */,
				9C1A4BA7212958D60086470D /* MessagesService.swift in Sources */,
				9C86E56E20D9335F000840A9 /* AddGroupController.swift in Sources */,
				9C86E58320DE26D2000840A9 /* APIService.swift in Sources */,
				9CDBB58E20EEA2A400F02109 /* DataService.swift in Sources */,
				9C86E56C20D9311A000840A9 /* MyGroupsController.swift in Sources */,
				9CCB1F5A21156AE100A98533 /* Conversation.swift in Sources */,
				9CCB1F582115669300A98533 /* ConversationCell.swift in Sources */,
				9C5BDBFC20F7AD1D00BCA3C5 /* NewsFeedViewController.swift in Sources */,
				9C86E57820D933EB000840A9 /* MyFriendsPhotosCell.swift in Sources */,
				9C1A4B9F2128B4780086470D /* MessageLabel.swift in Sources */,
				9C67A93320E25187001F705C /* Photo.swift in Sources */,
				9C67A93120E24D4A001F705C /* RoundedImage.swift in Sources */,
				9CCB1F5C21157F1C00A98533 /* ConversationsService.swift in Sources */,
				9C5BDBFE20F8BB2400BCA3C5 /* NewsFeedTextCell.swift in Sources */,
				9C86E57A20D9347F000840A9 /* MyFriendsPhotosController.swift in Sources */,
				9C86E57620D933D6000840A9 /* AddGroupCell.swift in Sources */,
				9C86E56A20D930CE000840A9 /* MyFriendsController.swift in Sources */,
				9C1A4BA521294C440086470D /* Message.swift in Sources */,
				9C9786BB20FCE3D4003B5083 /* News.swift in Sources */,
				9CFA503F2110B0110080C9E0 /* SetNewsFeedTextAndPhotoCellOwnerProfileImageToRow.swift in Sources */,
				9C1A4BA321294BEE0086470D /* MessagesViewController.swift in Sources */,
				9C9786B920FCE077003B5083 /* NewsFeedService.swift in Sources */,
				9C7FE87A20CF8CDD00E81DC8 /* AppDelegate.swift in Sources */,
				9CCB1F562115662A00A98533 /* ConversationsViewController.swift in Sources */,
				9CFA503721109B1A0080C9E0 /* SetFriendsPhotoToCollectionViewCell.swift in Sources */,
			);
			runOnlyForDeploymentPostprocessing = 0;
		};
/* End PBXSourcesBuildPhase section */

/* Begin PBXVariantGroup section */
		9C7FE88220CF8CE000E81DC8 /* LaunchScreen.storyboard */ = {
			isa = PBXVariantGroup;
			children = (
				9C7FE88320CF8CE000E81DC8 /* Base */,
			);
			name = LaunchScreen.storyboard;
			sourceTree = "<group>";
		};
/* End PBXVariantGroup section */

/* Begin XCBuildConfiguration section */
		9C7FE88620CF8CE000E81DC8 /* Debug */ = {
			isa = XCBuildConfiguration;
			buildSettings = {
				ALWAYS_SEARCH_USER_PATHS = NO;
				CLANG_ANALYZER_NONNULL = YES;
				CLANG_ANALYZER_NUMBER_OBJECT_CONVERSION = YES_AGGRESSIVE;
				CLANG_CXX_LANGUAGE_STANDARD = "gnu++14";
				CLANG_CXX_LIBRARY = "libc++";
				CLANG_ENABLE_MODULES = YES;
				CLANG_ENABLE_OBJC_ARC = YES;
				CLANG_ENABLE_OBJC_WEAK = YES;
				CLANG_WARN_BLOCK_CAPTURE_AUTORELEASING = YES;
				CLANG_WARN_BOOL_CONVERSION = YES;
				CLANG_WARN_COMMA = YES;
				CLANG_WARN_CONSTANT_CONVERSION = YES;
				CLANG_WARN_DEPRECATED_OBJC_IMPLEMENTATIONS = YES;
				CLANG_WARN_DIRECT_OBJC_ISA_USAGE = YES_ERROR;
				CLANG_WARN_DOCUMENTATION_COMMENTS = YES;
				CLANG_WARN_EMPTY_BODY = YES;
				CLANG_WARN_ENUM_CONVERSION = YES;
				CLANG_WARN_INFINITE_RECURSION = YES;
				CLANG_WARN_INT_CONVERSION = YES;
				CLANG_WARN_NON_LITERAL_NULL_CONVERSION = YES;
				CLANG_WARN_OBJC_IMPLICIT_RETAIN_SELF = YES;
				CLANG_WARN_OBJC_LITERAL_CONVERSION = YES;
				CLANG_WARN_OBJC_ROOT_CLASS = YES_ERROR;
				CLANG_WARN_RANGE_LOOP_ANALYSIS = YES;
				CLANG_WARN_STRICT_PROTOTYPES = YES;
				CLANG_WARN_SUSPICIOUS_MOVE = YES;
				CLANG_WARN_UNGUARDED_AVAILABILITY = YES_AGGRESSIVE;
				CLANG_WARN_UNREACHABLE_CODE = YES;
				CLANG_WARN__DUPLICATE_METHOD_MATCH = YES;
				CODE_SIGN_IDENTITY = "iPhone Developer";
				COPY_PHASE_STRIP = NO;
				DEBUG_INFORMATION_FORMAT = dwarf;
				ENABLE_STRICT_OBJC_MSGSEND = YES;
				ENABLE_TESTABILITY = YES;
				GCC_C_LANGUAGE_STANDARD = gnu11;
				GCC_DYNAMIC_NO_PIC = NO;
				GCC_NO_COMMON_BLOCKS = YES;
				GCC_OPTIMIZATION_LEVEL = 0;
				GCC_PREPROCESSOR_DEFINITIONS = (
					"DEBUG=1",
					"$(inherited)",
				);
				GCC_WARN_64_TO_32_BIT_CONVERSION = YES;
				GCC_WARN_ABOUT_RETURN_TYPE = YES_ERROR;
				GCC_WARN_UNDECLARED_SELECTOR = YES;
				GCC_WARN_UNINITIALIZED_AUTOS = YES_AGGRESSIVE;
				GCC_WARN_UNUSED_FUNCTION = YES;
				GCC_WARN_UNUSED_VARIABLE = YES;
				IPHONEOS_DEPLOYMENT_TARGET = 11.4;
				MTL_ENABLE_DEBUG_INFO = YES;
				ONLY_ACTIVE_ARCH = YES;
				SDKROOT = iphoneos;
				SWIFT_ACTIVE_COMPILATION_CONDITIONS = DEBUG;
				SWIFT_OPTIMIZATION_LEVEL = "-Onone";
			};
			name = Debug;
		};
		9C7FE88720CF8CE000E81DC8 /* Release */ = {
			isa = XCBuildConfiguration;
			buildSettings = {
				ALWAYS_SEARCH_USER_PATHS = NO;
				CLANG_ANALYZER_NONNULL = YES;
				CLANG_ANALYZER_NUMBER_OBJECT_CONVERSION = YES_AGGRESSIVE;
				CLANG_CXX_LANGUAGE_STANDARD = "gnu++14";
				CLANG_CXX_LIBRARY = "libc++";
				CLANG_ENABLE_MODULES = YES;
				CLANG_ENABLE_OBJC_ARC = YES;
				CLANG_ENABLE_OBJC_WEAK = YES;
				CLANG_WARN_BLOCK_CAPTURE_AUTORELEASING = YES;
				CLANG_WARN_BOOL_CONVERSION = YES;
				CLANG_WARN_COMMA = YES;
				CLANG_WARN_CONSTANT_CONVERSION = YES;
				CLANG_WARN_DEPRECATED_OBJC_IMPLEMENTATIONS = YES;
				CLANG_WARN_DIRECT_OBJC_ISA_USAGE = YES_ERROR;
				CLANG_WARN_DOCUMENTATION_COMMENTS = YES;
				CLANG_WARN_EMPTY_BODY = YES;
				CLANG_WARN_ENUM_CONVERSION = YES;
				CLANG_WARN_INFINITE_RECURSION = YES;
				CLANG_WARN_INT_CONVERSION = YES;
				CLANG_WARN_NON_LITERAL_NULL_CONVERSION = YES;
				CLANG_WARN_OBJC_IMPLICIT_RETAIN_SELF = YES;
				CLANG_WARN_OBJC_LITERAL_CONVERSION = YES;
				CLANG_WARN_OBJC_ROOT_CLASS = YES_ERROR;
				CLANG_WARN_RANGE_LOOP_ANALYSIS = YES;
				CLANG_WARN_STRICT_PROTOTYPES = YES;
				CLANG_WARN_SUSPICIOUS_MOVE = YES;
				CLANG_WARN_UNGUARDED_AVAILABILITY = YES_AGGRESSIVE;
				CLANG_WARN_UNREACHABLE_CODE = YES;
				CLANG_WARN__DUPLICATE_METHOD_MATCH = YES;
				CODE_SIGN_IDENTITY = "iPhone Developer";
				COPY_PHASE_STRIP = NO;
				DEBUG_INFORMATION_FORMAT = "dwarf-with-dsym";
				ENABLE_NS_ASSERTIONS = NO;
				ENABLE_STRICT_OBJC_MSGSEND = YES;
				GCC_C_LANGUAGE_STANDARD = gnu11;
				GCC_NO_COMMON_BLOCKS = YES;
				GCC_WARN_64_TO_32_BIT_CONVERSION = YES;
				GCC_WARN_ABOUT_RETURN_TYPE = YES_ERROR;
				GCC_WARN_UNDECLARED_SELECTOR = YES;
				GCC_WARN_UNINITIALIZED_AUTOS = YES_AGGRESSIVE;
				GCC_WARN_UNUSED_FUNCTION = YES;
				GCC_WARN_UNUSED_VARIABLE = YES;
				IPHONEOS_DEPLOYMENT_TARGET = 11.4;
				MTL_ENABLE_DEBUG_INFO = NO;
				SDKROOT = iphoneos;
				SWIFT_COMPILATION_MODE = wholemodule;
				SWIFT_OPTIMIZATION_LEVEL = "-O";
				VALIDATE_PRODUCT = YES;
			};
			name = Release;
		};
		9C7FE88920CF8CE000E81DC8 /* Debug */ = {
			isa = XCBuildConfiguration;
			baseConfigurationReference = 4B06364CBA7E6B7E8AEA8C79 /* Pods-vkontakte-client.debug.xcconfig */;
			buildSettings = {
				ASSETCATALOG_COMPILER_APPICON_NAME = AppIcon;
				CODE_SIGN_IDENTITY = "iPhone Developer";
				CODE_SIGN_STYLE = Automatic;
				DEVELOPMENT_TEAM = "";
				INFOPLIST_FILE = "$(SRCROOT)/vkontakte-client/Info.plist";
				LD_RUNPATH_SEARCH_PATHS = (
					"$(inherited)",
					"@executable_path/Frameworks",
				);
				PRODUCT_BUNDLE_IDENTIFIER = "com.frostfell.vk-app-ic";
				PRODUCT_NAME = "$(TARGET_NAME)";
				PROVISIONING_PROFILE_SPECIFIER = "";
				SWIFT_VERSION = 4.0;
				TARGETED_DEVICE_FAMILY = "1,2";
			};
			name = Debug;
		};
		9C7FE88A20CF8CE000E81DC8 /* Release */ = {
			isa = XCBuildConfiguration;
			baseConfigurationReference = 95C0635858363565F6DBA25E /* Pods-vkontakte-client.release.xcconfig */;
			buildSettings = {
				ASSETCATALOG_COMPILER_APPICON_NAME = AppIcon;
				CODE_SIGN_IDENTITY = "iPhone Developer";
				CODE_SIGN_STYLE = Automatic;
				DEVELOPMENT_TEAM = "";
				INFOPLIST_FILE = "$(SRCROOT)/vkontakte-client/Info.plist";
				LD_RUNPATH_SEARCH_PATHS = (
					"$(inherited)",
					"@executable_path/Frameworks",
				);
				PRODUCT_BUNDLE_IDENTIFIER = "com.frostfell.vk-app-ic";
				PRODUCT_NAME = "$(TARGET_NAME)";
				PROVISIONING_PROFILE_SPECIFIER = "";
				SWIFT_VERSION = 4.0;
				TARGETED_DEVICE_FAMILY = "1,2";
			};
			name = Release;
		};
/* End XCBuildConfiguration section */

/* Begin XCConfigurationList section */
		9C7FE87120CF8CDD00E81DC8 /* Build configuration list for PBXProject "vkontakte-client" */ = {
			isa = XCConfigurationList;
			buildConfigurations = (
				9C7FE88620CF8CE000E81DC8 /* Debug */,
				9C7FE88720CF8CE000E81DC8 /* Release */,
			);
			defaultConfigurationIsVisible = 0;
			defaultConfigurationName = Release;
		};
		9C7FE88820CF8CE000E81DC8 /* Build configuration list for PBXNativeTarget "vkontakte-client" */ = {
			isa = XCConfigurationList;
			buildConfigurations = (
				9C7FE88920CF8CE000E81DC8 /* Debug */,
				9C7FE88A20CF8CE000E81DC8 /* Release */,
			);
			defaultConfigurationIsVisible = 0;
			defaultConfigurationName = Release;
		};
/* End XCConfigurationList section */
	};
	rootObject = 9C7FE86E20CF8CDD00E81DC8 /* Project object */;
}
